github.com/supattana-s/dog v0.0.0-20230523041719-1fecc12eca2e h1:nofAcXIUiakjwZi5y6A2gM4xXWxF5dbYGyyONkYt8hM=
github.com/supattana-s/dog v0.0.0-20230523041719-1fecc12eca2e/go.mod h1:BqomYSoirT4M8+naX4gX3oZsQ2JgMvQylV2wYWEV+3M=
github.com/supattana-s/puppy v0.0.0-20230523035712-7b07445018e9 h1:JLXzy1ay71uSbMB5kt0VznNBfNB6oazrqIHq0AFYH1E=
github.com/supattana-s/puppy v0.0.0-20230523035712-7b07445018e9/go.mod h1:t/kyr8CBOL6woL9WT6cbdMBoeDwaSRL74UvIEpVgm6c=
github.com/supattana-s/puppy v0.0.0-20230523042036-51b888948d40 h1:qgEtU8t6mN817tCXu4CuVf2+dBsSCnac5+DUTtrlaiw=
github.com/supattana-s/puppy v0.0.0-20230523042036-51b888948d40/go.mod h1:Z9qfdCitXOIGlj9he/ykJL1c05JtHVBoTWd1Bjsq+wQ=
github.com/supattana-s/puppy v0.0.0-20230523043038-05ee5876ec20 h1:dQ4qfXkG6BefE8usjFdt8NmjXSwyW526RKtvCqkrb7E=
github.com/supattana-s/puppy v0.0.0-20230523043038-05ee5876ec20/go.mod h1:Z9qfdCitXOIGlj9he/ykJL1c05JtHVBoTWd1Bjsq+wQ=
